
Microsoft Visual Studio Solution File, Format Version 12.00
# Visual Studio Version 17
VisualStudioVersion = 17.14.36221.1
MinimumVisualStudioVersion = 10.0.40219.1
Project("{FAE04EC0-301F-11D3-BF4B-00C04F79EFBC}") = "MultiTool", "MultiTool\MultiTool.csproj", "{AF8CA791-E3FF-4133-9F6C-01727933637E}"
EndProject
Global
	GlobalSection(SolutionConfigurationPlatforms) = preSolution
		Debug|Any CPU = Debug|Any CPU
		Release|Any CPU = Release|Any CPU
	EndGlobalSection
	GlobalSection(ProjectConfigurationPlatforms) = postSolution
		{AF8CA791-E3FF-4133-9F6C-01727933637E}.Debug|Any CPU.ActiveCfg = Debug|Any CPU
		{AF8CA791-E3FF-4133-9F6C-01727933637E}.Debug|Any CPU.Build.0 = Debug|Any CPU
		{AF8CA791-E3FF-4133-9F6C-01727933637E}.Release|Any CPU.ActiveCfg = Release|Any CPU
		{AF8CA791-E3FF-4133-9F6C-01727933637E}.Release|Any CPU.Build.0 = Release|Any CPU
	EndGlobalSection
	GlobalSection(SolutionProperties) = preSolution
		HideSolutionNode = FALSE
	EndGlobalSection
	GlobalSection(ExtensibilityGlobals) = postSolution
		SolutionGuid = {B24613E5-59F8-448D-824C-EAC6A2502FC3}
	EndGlobalSection
EndGlobal
